
Microsoft Visual Studio Solution File, Format Version 12.00
# Visual Studio Version 16
VisualStudioVersion = 16.0.31624.102
MinimumVisualStudioVersion = 10.0.40219.1
Project("{9A19103F-16F7-4668-BE54-9A1E7A4F7556}") = "Aufgabe 2", "Aufgabe 2\Aufgabe 2.csproj", "{F5E53D40-BDC6-4677-9218-230B70A66A4B}"
EndProject
Project("{9A19103F-16F7-4668-BE54-9A1E7A4F7556}") = "Aufgabe 3", "Aufgabe 3\Aufgabe 3.csproj", "{D802D0C7-8410-4282-BC4C-7BA86438F639}"
EndProject
Project("{9A19103F-16F7-4668-BE54-9A1E7A4F7556}") = "Aufgabe 4", "Aufgabe 4\Aufgabe 4.csproj", "{868CC04F-450C-48D2-BEF7-8D2804286236}"
EndProject
Project("{9A19103F-16F7-4668-BE54-9A1E7A4F7556}") = "Aufgabe 5", "Aufgabe 5\Aufgabe 5.csproj", "{8CF5D692-2AB8-42C0-9E40-0610AE404411}"
EndProject
Project("{9A19103F-16F7-4668-BE54-9A1E7A4F7556}") = "Aufgabe 6", "Aufgabe 6\Aufgabe 6.csproj", "{8B1EBFB2-0330-4464-97C4-6F316DA6B456}"
EndProject
Project("{9A19103F-16F7-4668-BE54-9A1E7A4F7556}") = "Aufgabe 7", "Aufgabe 7\Aufgabe 7.csproj", "{2471EB46-5E45-4304-B9E0-CA82BB174578}"
EndProject
Project("{9A19103F-16F7-4668-BE54-9A1E7A4F7556}") = "Aufgabe 8", "Aufgabe 8\Aufgabe 8.csproj", "{7DD8E2B0-80D2-4C97-BF97-98855AFD7CF1}"
EndProject
Project("{9A19103F-16F7-4668-BE54-9A1E7A4F7556}") = "Aufgabe 9", "Augabe 9\Aufgabe 9.csproj", "{4380F447-D9A6-4C67-8D30-9C3BB167F474}"
EndProject
Project("{9A19103F-16F7-4668-BE54-9A1E7A4F7556}") = "Aufgabe 10", "Aufgabe 10\Aufgabe 10.csproj", "{7FD425C3-2642-40A4-820D-40AF629AAF93}"
EndProject
Project("{9A19103F-16F7-4668-BE54-9A1E7A4F7556}") = "Aufgabe 10_neu", "Aufgabe 10_neu\Aufgabe 10_neu.csproj", "{A329B9E5-DC8A-482F-9556-917ED576C58E}"
EndProject
Project("{9A19103F-16F7-4668-BE54-9A1E7A4F7556}") = "Übung zu Klassenarbeit", "Übung zu Klassenarbeit\Übung zu Klassenarbeit.csproj", "{60242EDC-C5C2-4388-A289-016312EE53F7}"
EndProject
Project("{2150E333-8FDC-42A3-9474-1A3956D46DE8}") = "Schleifenstruktur", "Schleifenstruktur", "{25289164-1B55-4735-BBDB-2CA19A1DA8FC}"
EndProject
Project("{2150E333-8FDC-42A3-9474-1A3956D46DE8}") = "Klassenarbeit", "Klassenarbeit", "{4CA5B1C5-2BAF-439F-9F81-B0796C466169}"
EndProject
Project("{2150E333-8FDC-42A3-9474-1A3956D46DE8}") = "Array", "Array", "{78ACE824-BED3-460C-ABBA-61AE0A7BC2BA}"
EndProject
Project("{9A19103F-16F7-4668-BE54-9A1E7A4F7556}") = "Datenfeld Array", "Datenfeld Array\Datenfeld Array.csproj", "{DB363B90-D0C1-47FE-B711-1528DE5F1AED}"
EndProject
Project("{9A19103F-16F7-4668-BE54-9A1E7A4F7556}") = "Klassenarbeit", "Klassenarbeit\Klassenarbeit.csproj", "{24BA64E8-8325-4436-B003-1A158EFC40E6}"
EndProject
Project("{2150E333-8FDC-42A3-9474-1A3956D46DE8}") = "Aufgaben", "Aufgaben", "{F5BB93EA-FA18-41BA-8115-64817A029B13}"
EndProject
Project("{9A19103F-16F7-4668-BE54-9A1E7A4F7556}") = "Alterskontrolle", "Alterskontrolle\Alterskontrolle.csproj", "{96D67166-76E5-43A7-8A7F-82EF18E9DFA7}"
EndProject
Project("{9A19103F-16F7-4668-BE54-9A1E7A4F7556}") = "Calculator", "Calculator\Calculator.csproj", "{71A9C313-7FA2-48EC-8BA2-4CEBE950DF3A}"
EndProject
Project("{9A19103F-16F7-4668-BE54-9A1E7A4F7556}") = "Finanztabelle", "Finanztabelle\Finanztabelle.csproj", "{5BB5B5FC-9347-4B84-8500-A06B6070675F}"
EndProject
Project("{9A19103F-16F7-4668-BE54-9A1E7A4F7556}") = "Firmenzugehörigkeit", "Firmenzugehörigkeit\Firmenzugehörigkeit.csproj", "{FEDAEFC3-568E-46C3-B2FE-AEED2A9F8916}"
EndProject
Project("{9A19103F-16F7-4668-BE54-9A1E7A4F7556}") = "Bubblesort", "Bubblesort\Bubblesort.csproj", "{C7AD9D28-EEDB-4C8F-804B-2343959AC69D}"
EndProject
Project("{FAE04EC0-301F-11D3-BF4B-00C04F79EFBC}") = "Methoden aufgabe 1.0", "Methoden aufgabe 1.0\Methoden aufgabe 1.0.csproj", "{D4C517C5-96CB-4C55-9A46-B28858E10C99}"
EndProject
Project("{2150E333-8FDC-42A3-9474-1A3956D46DE8}") = "Methoden", "Methoden", "{44347F19-5A7B-45FA-91BE-BF0E984DAD03}"
EndProject
Global
	GlobalSection(SolutionConfigurationPlatforms) = preSolution
		Debug|Any CPU = Debug|Any CPU
		Release|Any CPU = Release|Any CPU
	EndGlobalSection
	GlobalSection(ProjectConfigurationPlatforms) = postSolution
		{F5E53D40-BDC6-4677-9218-230B70A66A4B}.Debug|Any CPU.ActiveCfg = Debug|Any CPU
		{F5E53D40-BDC6-4677-9218-230B70A66A4B}.Debug|Any CPU.Build.0 = Debug|Any CPU
		{F5E53D40-BDC6-4677-9218-230B70A66A4B}.Release|Any CPU.ActiveCfg = Release|Any CPU
		{F5E53D40-BDC6-4677-9218-230B70A66A4B}.Release|Any CPU.Build.0 = Release|Any CPU
		{D802D0C7-8410-4282-BC4C-7BA86438F639}.Debug|Any CPU.ActiveCfg = Debug|Any CPU
		{D802D0C7-8410-4282-BC4C-7BA86438F639}.Debug|Any CPU.Build.0 = Debug|Any CPU
		{D802D0C7-8410-4282-BC4C-7BA86438F639}.Release|Any CPU.ActiveCfg = Release|Any CPU
		{D802D0C7-8410-4282-BC4C-7BA86438F639}.Release|Any CPU.Build.0 = Release|Any CPU
		{868CC04F-450C-48D2-BEF7-8D2804286236}.Debug|Any CPU.ActiveCfg = Debug|Any CPU
		{868CC04F-450C-48D2-BEF7-8D2804286236}.Debug|Any CPU.Build.0 = Debug|Any CPU
		{868CC04F-450C-48D2-BEF7-8D2804286236}.Release|Any CPU.ActiveCfg = Release|Any CPU
		{868CC04F-450C-48D2-BEF7-8D2804286236}.Release|Any CPU.Build.0 = Release|Any CPU
		{8CF5D692-2AB8-42C0-9E40-0610AE404411}.Debug|Any CPU.ActiveCfg = Debug|Any CPU
		{8CF5D692-2AB8-42C0-9E40-0610AE404411}.Debug|Any CPU.Build.0 = Debug|Any CPU
		{8CF5D692-2AB8-42C0-9E40-0610AE404411}.Release|Any CPU.ActiveCfg = Release|Any CPU
		{8CF5D692-2AB8-42C0-9E40-0610AE404411}.Release|Any CPU.Build.0 = Release|Any CPU
		{8B1EBFB2-0330-4464-97C4-6F316DA6B456}.Debug|Any CPU.ActiveCfg = Debug|Any CPU
		{8B1EBFB2-0330-4464-97C4-6F316DA6B456}.Debug|Any CPU.Build.0 = Debug|Any CPU
		{8B1EBFB2-0330-4464-97C4-6F316DA6B456}.Release|Any CPU.ActiveCfg = Release|Any CPU
		{8B1EBFB2-0330-4464-97C4-6F316DA6B456}.Release|Any CPU.Build.0 = Release|Any CPU
		{2471EB46-5E45-4304-B9E0-CA82BB174578}.Debug|Any CPU.ActiveCfg = Debug|Any CPU
		{2471EB46-5E45-4304-B9E0-CA82BB174578}.Debug|Any CPU.Build.0 = Debug|Any CPU
		{2471EB46-5E45-4304-B9E0-CA82BB174578}.Release|Any CPU.ActiveCfg = Release|Any CPU
		{2471EB46-5E45-4304-B9E0-CA82BB174578}.Release|Any CPU.Build.0 = Release|Any CPU
		{7DD8E2B0-80D2-4C97-BF97-98855AFD7CF1}.Debug|Any CPU.ActiveCfg = Debug|Any CPU
		{7DD8E2B0-80D2-4C97-BF97-98855AFD7CF1}.Debug|Any CPU.Build.0 = Debug|Any CPU
		{7DD8E2B0-80D2-4C97-BF97-98855AFD7CF1}.Release|Any CPU.ActiveCfg = Release|Any CPU
		{7DD8E2B0-80D2-4C97-BF97-98855AFD7CF1}.Release|Any CPU.Build.0 = Release|Any CPU
		{4380F447-D9A6-4C67-8D30-9C3BB167F474}.Debug|Any CPU.ActiveCfg = Debug|Any CPU
		{4380F447-D9A6-4C67-8D30-9C3BB167F474}.Debug|Any CPU.Build.0 = Debug|Any CPU
		{4380F447-D9A6-4C67-8D30-9C3BB167F474}.Release|Any CPU.ActiveCfg = Release|Any CPU
		{4380F447-D9A6-4C67-8D30-9C3BB167F474}.Release|Any CPU.Build.0 = Release|Any CPU
		{7FD425C3-2642-40A4-820D-40AF629AAF93}.Debug|Any CPU.ActiveCfg = Debug|Any CPU
		{7FD425C3-2642-40A4-820D-40AF629AAF93}.Debug|Any CPU.Build.0 = Debug|Any CPU
		{7FD425C3-2642-40A4-820D-40AF629AAF93}.Release|Any CPU.ActiveCfg = Release|Any CPU
		{7FD425C3-2642-40A4-820D-40AF629AAF93}.Release|Any CPU.Build.0 = Release|Any CPU
		{A329B9E5-DC8A-482F-9556-917ED576C58E}.Debug|Any CPU.ActiveCfg = Debug|Any CPU
		{A329B9E5-DC8A-482F-9556-917ED576C58E}.Debug|Any CPU.Build.0 = Debug|Any CPU
		{A329B9E5-DC8A-482F-9556-917ED576C58E}.Release|Any CPU.ActiveCfg = Release|Any CPU
		{A329B9E5-DC8A-482F-9556-917ED576C58E}.Release|Any CPU.Build.0 = Release|Any CPU
		{60242EDC-C5C2-4388-A289-016312EE53F7}.Debug|Any CPU.ActiveCfg = Debug|Any CPU
		{60242EDC-C5C2-4388-A289-016312EE53F7}.Debug|Any CPU.Build.0 = Debug|Any CPU
		{60242EDC-C5C2-4388-A289-016312EE53F7}.Release|Any CPU.ActiveCfg = Release|Any CPU
		{60242EDC-C5C2-4388-A289-016312EE53F7}.Release|Any CPU.Build.0 = Release|Any CPU
		{DB363B90-D0C1-47FE-B711-1528DE5F1AED}.Debug|Any CPU.ActiveCfg = Debug|Any CPU
		{DB363B90-D0C1-47FE-B711-1528DE5F1AED}.Debug|Any CPU.Build.0 = Debug|Any CPU
		{DB363B90-D0C1-47FE-B711-1528DE5F1AED}.Release|Any CPU.ActiveCfg = Release|Any CPU
		{DB363B90-D0C1-47FE-B711-1528DE5F1AED}.Release|Any CPU.Build.0 = Release|Any CPU
		{24BA64E8-8325-4436-B003-1A158EFC40E6}.Debug|Any CPU.ActiveCfg = Debug|Any CPU
		{24BA64E8-8325-4436-B003-1A158EFC40E6}.Debug|Any CPU.Build.0 = Debug|Any CPU
		{24BA64E8-8325-4436-B003-1A158EFC40E6}.Release|Any CPU.ActiveCfg = Release|Any CPU
		{24BA64E8-8325-4436-B003-1A158EFC40E6}.Release|Any CPU.Build.0 = Release|Any CPU
		{96D67166-76E5-43A7-8A7F-82EF18E9DFA7}.Debug|Any CPU.ActiveCfg = Debug|Any CPU
		{96D67166-76E5-43A7-8A7F-82EF18E9DFA7}.Debug|Any CPU.Build.0 = Debug|Any CPU
		{96D67166-76E5-43A7-8A7F-82EF18E9DFA7}.Release|Any CPU.ActiveCfg = Release|Any CPU
		{96D67166-76E5-43A7-8A7F-82EF18E9DFA7}.Release|Any CPU.Build.0 = Release|Any CPU
		{71A9C313-7FA2-48EC-8BA2-4CEBE950DF3A}.Debug|Any CPU.ActiveCfg = Debug|Any CPU
		{71A9C313-7FA2-48EC-8BA2-4CEBE950DF3A}.Debug|Any CPU.Build.0 = Debug|Any CPU
		{71A9C313-7FA2-48EC-8BA2-4CEBE950DF3A}.Release|Any CPU.ActiveCfg = Release|Any CPU
		{71A9C313-7FA2-48EC-8BA2-4CEBE950DF3A}.Release|Any CPU.Build.0 = Release|Any CPU
		{5BB5B5FC-9347-4B84-8500-A06B6070675F}.Debug|Any CPU.ActiveCfg = Debug|Any CPU
		{5BB5B5FC-9347-4B84-8500-A06B6070675F}.Debug|Any CPU.Build.0 = Debug|Any CPU
		{5BB5B5FC-9347-4B84-8500-A06B6070675F}.Release|Any CPU.ActiveCfg = Release|Any CPU
		{5BB5B5FC-9347-4B84-8500-A06B6070675F}.Release|Any CPU.Build.0 = Release|Any CPU
		{FEDAEFC3-568E-46C3-B2FE-AEED2A9F8916}.Debug|Any CPU.ActiveCfg = Debug|Any CPU
		{FEDAEFC3-568E-46C3-B2FE-AEED2A9F8916}.Debug|Any CPU.Build.0 = Debug|Any CPU
		{FEDAEFC3-568E-46C3-B2FE-AEED2A9F8916}.Release|Any CPU.ActiveCfg = Release|Any CPU
		{FEDAEFC3-568E-46C3-B2FE-AEED2A9F8916}.Release|Any CPU.Build.0 = Release|Any CPU
		{C7AD9D28-EEDB-4C8F-804B-2343959AC69D}.Debug|Any CPU.ActiveCfg = Debug|Any CPU
		{C7AD9D28-EEDB-4C8F-804B-2343959AC69D}.Debug|Any CPU.Build.0 = Debug|Any CPU
		{C7AD9D28-EEDB-4C8F-804B-2343959AC69D}.Release|Any CPU.ActiveCfg = Release|Any CPU
		{C7AD9D28-EEDB-4C8F-804B-2343959AC69D}.Release|Any CPU.Build.0 = Release|Any CPU
		{D4C517C5-96CB-4C55-9A46-B28858E10C99}.Debug|Any CPU.ActiveCfg = Debug|Any CPU
		{D4C517C5-96CB-4C55-9A46-B28858E10C99}.Debug|Any CPU.Build.0 = Debug|Any CPU
		{D4C517C5-96CB-4C55-9A46-B28858E10C99}.Release|Any CPU.ActiveCfg = Release|Any CPU
		{D4C517C5-96CB-4C55-9A46-B28858E10C99}.Release|Any CPU.Build.0 = Release|Any CPU
	EndGlobalSection
	GlobalSection(SolutionProperties) = preSolution
		HideSolutionNode = FALSE
	EndGlobalSection
	GlobalSection(NestedProjects) = preSolution
		{F5E53D40-BDC6-4677-9218-230B70A66A4B} = {25289164-1B55-4735-BBDB-2CA19A1DA8FC}
		{D802D0C7-8410-4282-BC4C-7BA86438F639} = {25289164-1B55-4735-BBDB-2CA19A1DA8FC}
		{868CC04F-450C-48D2-BEF7-8D2804286236} = {25289164-1B55-4735-BBDB-2CA19A1DA8FC}
		{8CF5D692-2AB8-42C0-9E40-0610AE404411} = {25289164-1B55-4735-BBDB-2CA19A1DA8FC}
		{8B1EBFB2-0330-4464-97C4-6F316DA6B456} = {25289164-1B55-4735-BBDB-2CA19A1DA8FC}
		{2471EB46-5E45-4304-B9E0-CA82BB174578} = {25289164-1B55-4735-BBDB-2CA19A1DA8FC}
		{7DD8E2B0-80D2-4C97-BF97-98855AFD7CF1} = {25289164-1B55-4735-BBDB-2CA19A1DA8FC}
		{4380F447-D9A6-4C67-8D30-9C3BB167F474} = {25289164-1B55-4735-BBDB-2CA19A1DA8FC}
		{7FD425C3-2642-40A4-820D-40AF629AAF93} = {25289164-1B55-4735-BBDB-2CA19A1DA8FC}
		{A329B9E5-DC8A-482F-9556-917ED576C58E} = {25289164-1B55-4735-BBDB-2CA19A1DA8FC}
		{60242EDC-C5C2-4388-A289-016312EE53F7} = {4CA5B1C5-2BAF-439F-9F81-B0796C466169}
		{DB363B90-D0C1-47FE-B711-1528DE5F1AED} = {78ACE824-BED3-460C-ABBA-61AE0A7BC2BA}
		{24BA64E8-8325-4436-B003-1A158EFC40E6} = {4CA5B1C5-2BAF-439F-9F81-B0796C466169}
		{96D67166-76E5-43A7-8A7F-82EF18E9DFA7} = {F5BB93EA-FA18-41BA-8115-64817A029B13}
		{71A9C313-7FA2-48EC-8BA2-4CEBE950DF3A} = {F5BB93EA-FA18-41BA-8115-64817A029B13}
		{5BB5B5FC-9347-4B84-8500-A06B6070675F} = {F5BB93EA-FA18-41BA-8115-64817A029B13}
		{FEDAEFC3-568E-46C3-B2FE-AEED2A9F8916} = {F5BB93EA-FA18-41BA-8115-64817A029B13}
		{C7AD9D28-EEDB-4C8F-804B-2343959AC69D} = {78ACE824-BED3-460C-ABBA-61AE0A7BC2BA}
		{D4C517C5-96CB-4C55-9A46-B28858E10C99} = {44347F19-5A7B-45FA-91BE-BF0E984DAD03}
	EndGlobalSection
	GlobalSection(ExtensibilityGlobals) = postSolution
		SolutionGuid = {1FC17C0C-5568-43F8-B60C-26A67CC519A6}
	EndGlobalSection
EndGlobal
